
Microsoft Visual Studio Solution File, Format Version 12.00
Project("{FAE04EC0-301F-11D3-BF4B-00C04F79EFBC}") = "pripravaNaTest", "pripravaNaTest\pripravaNaTest.csproj", "{A7A32981-8E62-44B9-AA93-051E131A8729}"
EndProject
Global
	GlobalSection(SolutionConfigurationPlatforms) = preSolution
		Debug|Any CPU = Debug|Any CPU
		Release|Any CPU = Release|Any CPU
	EndGlobalSection
	GlobalSection(ProjectConfigurationPlatforms) = postSolution
		{A7A32981-8E62-44B9-AA93-051E131A8729}.Debug|Any CPU.ActiveCfg = Debug|Any CPU
		{A7A32981-8E62-44B9-AA93-051E131A8729}.Debug|Any CPU.Build.0 = Debug|Any CPU
		{A7A32981-8E62-44B9-AA93-051E131A8729}.Release|Any CPU.ActiveCfg = Release|Any CPU
		{A7A32981-8E62-44B9-AA93-051E131A8729}.Release|Any CPU.Build.0 = Release|Any CPU
	EndGlobalSection
EndGlobal
