
Microsoft Visual Studio Solution File, Format Version 12.00
Project("{FAE04EC0-301F-11D3-BF4B-00C04F79EFBC}") = "Ukladani", "Ukladani\Ukladani.csproj", "{9F50ECA2-A634-4CD8-A9A5-175D316E4305}"
EndProject
Global
	GlobalSection(SolutionConfigurationPlatforms) = preSolution
		Debug|Any CPU = Debug|Any CPU
		Release|Any CPU = Release|Any CPU
	EndGlobalSection
	GlobalSection(ProjectConfigurationPlatforms) = postSolution
		{9F50ECA2-A634-4CD8-A9A5-175D316E4305}.Debug|Any CPU.ActiveCfg = Debug|Any CPU
		{9F50ECA2-A634-4CD8-A9A5-175D316E4305}.Debug|Any CPU.Build.0 = Debug|Any CPU
		{9F50ECA2-A634-4CD8-A9A5-175D316E4305}.Release|Any CPU.ActiveCfg = Release|Any CPU
		{9F50ECA2-A634-4CD8-A9A5-175D316E4305}.Release|Any CPU.Build.0 = Release|Any CPU
	EndGlobalSection
EndGlobal
