
Microsoft Visual Studio Solution File, Format Version 12.00
Project("{FAE04EC0-301F-11D3-BF4B-00C04F79EFBC}") = "Test2_binartodecimal", "Test2_binartodecimal\Test2_binartodecimal.csproj", "{72BEE679-2C22-473B-98B7-D1369CDAC405}"
EndProject
Global
	GlobalSection(SolutionConfigurationPlatforms) = preSolution
		Debug|Any CPU = Debug|Any CPU
		Release|Any CPU = Release|Any CPU
	EndGlobalSection
	GlobalSection(ProjectConfigurationPlatforms) = postSolution
		{72BEE679-2C22-473B-98B7-D1369CDAC405}.Debug|Any CPU.ActiveCfg = Debug|Any CPU
		{72BEE679-2C22-473B-98B7-D1369CDAC405}.Debug|Any CPU.Build.0 = Debug|Any CPU
		{72BEE679-2C22-473B-98B7-D1369CDAC405}.Release|Any CPU.ActiveCfg = Release|Any CPU
		{72BEE679-2C22-473B-98B7-D1369CDAC405}.Release|Any CPU.Build.0 = Release|Any CPU
	EndGlobalSection
EndGlobal
