
Microsoft Visual Studio Solution File, Format Version 12.00
Project("{FAE04EC0-301F-11D3-BF4B-00C04F79EFBC}") = "Translator", "Translator\Translator.csproj", "{9FE3ED52-49AD-4986-894A-471578052E10}"
EndProject
Global
	GlobalSection(SolutionConfigurationPlatforms) = preSolution
		Debug|Any CPU = Debug|Any CPU
		Release|Any CPU = Release|Any CPU
	EndGlobalSection
	GlobalSection(ProjectConfigurationPlatforms) = postSolution
		{9FE3ED52-49AD-4986-894A-471578052E10}.Debug|Any CPU.ActiveCfg = Debug|Any CPU
		{9FE3ED52-49AD-4986-894A-471578052E10}.Debug|Any CPU.Build.0 = Debug|Any CPU
		{9FE3ED52-49AD-4986-894A-471578052E10}.Release|Any CPU.ActiveCfg = Release|Any CPU
		{9FE3ED52-49AD-4986-894A-471578052E10}.Release|Any CPU.Build.0 = Release|Any CPU
	EndGlobalSection
EndGlobal
